Microsoft Visual Studio Solution File, Format Version 11.00
# Visual Studio 2008

Project("{CBEC76EB-9408-430A-BF06-66129D996636}") = "wizardsProject", "Assembly-CSharp-firstpass.csproj", "{68469FE1-E74C-A431-A8A1-2B04795497AF}"
EndProject
Project("{CBEC76EB-9408-430A-BF06-66129D996636}") = "wizardsProject", "Assembly-CSharp.csproj", "{C56E019E-FEF4-6635-CCFE-8816594B3514}"
EndProject
Project("{CBEC76EB-9408-430A-BF06-66129D996636}") = "wizardsProject", "Assembly-UnityScript-firstpass.unityproj", "{7479DB11-1D58-CF84-3967-0466F851250A}"
EndProject
Global
	GlobalSection(SolutionConfigurationPlatforms) = preSolution
		Debug|Any CPU = Debug|Any CPU
		Release|Any CPU = Release|Any CPU
	EndGlobalSection
	GlobalSection(ProjectConfigurationPlatforms) = postSolution
		{68469FE1-E74C-A431-A8A1-2B04795497AF}.Debug|Any CPU.ActiveCfg = Debug|Any CPU
		{68469FE1-E74C-A431-A8A1-2B04795497AF}.Debug|Any CPU.Build.0 = Debug|Any CPU
		{68469FE1-E74C-A431-A8A1-2B04795497AF}.Release|Any CPU.ActiveCfg = Release|Any CPU
		{68469FE1-E74C-A431-A8A1-2B04795497AF}.Release|Any CPU.Build.0 = Release|Any CPU
		{C56E019E-FEF4-6635-CCFE-8816594B3514}.Debug|Any CPU.ActiveCfg = Debug|Any CPU
		{C56E019E-FEF4-6635-CCFE-8816594B3514}.Debug|Any CPU.Build.0 = Debug|Any CPU
		{C56E019E-FEF4-6635-CCFE-8816594B3514}.Release|Any CPU.ActiveCfg = Release|Any CPU
		{C56E019E-FEF4-6635-CCFE-8816594B3514}.Release|Any CPU.Build.0 = Release|Any CPU
		{7479DB11-1D58-CF84-3967-0466F851250A}.Debug|Any CPU.ActiveCfg = Debug|Any CPU
		{7479DB11-1D58-CF84-3967-0466F851250A}.Debug|Any CPU.Build.0 = Debug|Any CPU
		{7479DB11-1D58-CF84-3967-0466F851250A}.Release|Any CPU.ActiveCfg = Release|Any CPU
		{7479DB11-1D58-CF84-3967-0466F851250A}.Release|Any CPU.Build.0 = Release|Any CPU
	EndGlobalSection
	GlobalSection(SolutionProperties) = preSolution
		HideSolutionNode = FALSE
	EndGlobalSection
											GlobalSection(MonoDevelopProperties) = preSolution
		StartupItem = Assembly-CSharp.csproj
		Policies = $0
		$0.TextStylePolicy = $1
		$1.inheritsSet = null
		$1.scope = text/x-csharp
		$0.CSharpFormattingPolicy = $2
		$2.inheritsSet = Mono
		$2.inheritsScope = text/x-csharp
		$2.scope = text/x-csharp
		$0.TextStylePolicy = $3
		$3.FileWidth = 120
		$3.TabWidth = 4
		$3.EolMarker = Unix
		$3.inheritsSet = Mono
		$3.inheritsScope = text/plain
		$3.scope = text/plain
	EndGlobalSection

EndGlobal
